// !$*UTF8*$!
{
	archiveVersion = 1;
	classes = {
	};
	objectVersion = 56;
	objects = {

/* Begin PBXBuildFile section */
		C475EEEC2B931C4200931207 /* TCA_TutorialApp.swift in Sources */ = {isa = PBXBuildFile; fileRef = C475EEEB2B931C4200931207 /* TCA_TutorialApp.swift */; };
		C475EEEE2B931C4200931207 /* ContentView.swift in Sources */ = {isa = PBXBuildFile; fileRef = C475EEED2B931C4200931207 /* ContentView.swift */; };
		C475EEF02B931C4400931207 /* Assets.xcassets in Resources */ = {isa = PBXBuildFile; fileRef = C475EEEF2B931C4400931207 /* Assets.xcassets */; };
		C475EEF32B931C4400931207 /* Preview Assets.xcassets in Resources */ = {isa = PBXBuildFile; fileRef = C475EEF22B931C4400931207 /* Preview Assets.xcassets */; };
		C475EEFD2B931C4400931207 /* TCA_TutorialTests.swift in Sources */ = {isa = PBXBuildFile; fileRef = C475EEFC2B931C4400931207 /* TCA_TutorialTests.swift */; };
		C475EF072B931C4400931207 /* TCA_TutorialUITests.swift in Sources */ = {isa = PBXBuildFile; fileRef = C475EF062B931C4400931207 /* TCA_TutorialUITests.swift */; };
		C475EF092B931C4400931207 /* TCA_TutorialUITestsLaunchTests.swift in Sources */ = {isa = PBXBuildFile; fileRef = C475EF082B931C4400931207 /* TCA_TutorialUITestsLaunchTests.swift */; };
		C475EF172B931D4100931207 /* CouterFeature.swift in Sources */ = {isa = PBXBuildFile; fileRef = C475EF162B931D4100931207 /* CouterFeature.swift */; };
		C475EF192B931E3B00931207 /* ComposableArchitecture in Frameworks */ = {isa = PBXBuildFile; productRef = C475EF182B931E3B00931207 /* ComposableArchitecture */; };
/* End PBXBuildFile section */

/* Begin PBXContainerItemProxy section */
		C475EEF92B931C4400931207 /* PBXContainerItemProxy */ = {
			isa = PBXContainerItemProxy;
			containerPortal = C475EEE02B931C4200931207 /* Project object */;
			proxyType = 1;
			remoteGlobalIDString = C475EEE72B931C4200931207;
			remoteInfo = "TCA-Tutorial";
		};
		C475EF032B931C4400931207 /* PBXContainerItemProxy */ = {
			isa = PBXContainerItemProxy;
			containerPortal = C475EEE02B931C4200931207 /* Project object */;
			proxyType = 1;
			remoteGlobalIDString = C475EEE72B931C4200931207;
			remoteInfo = "TCA-Tutorial";
		};
/* End PBXContainerItemProxy section */

/* Begin PBXFileReference section */
		C475EEE82B931C4200931207 /* TCA-Tutorial.app */ = {isa = PBXFileReference; explicitFileType = wrapper.application; includeInIndex = 0; path = "TCA-Tutorial.app"; sourceTree = BUILT_PRODUCTS_DIR; };
		C475EEEB2B931C4200931207 /* TCA_TutorialApp.swift */ = {isa = PBXFileReference; lastKnownFileType = sourcecode.swift; path = TCA_TutorialApp.swift; sourceTree = "<group>"; };
		C475EEED2B931C4200931207 /* ContentView.swift */ = {isa = PBXFileReference; lastKnownFileType = sourcecode.swift; path = ContentView.swift; sourceTree = "<group>"; };
		C475EEEF2B931C4400931207 /* Assets.xcassets */ = {isa = PBXFileReference; lastKnownFileType = folder.assetcatalog; path = Assets.xcassets; sourceTree = "<group>"; };
		C475EEF22B931C4400931207 /* Preview Assets.xcassets */ = {isa = PBXFileReference; lastKnownFileType = folder.assetcatalog; path = "Preview Assets.xcassets"; sourceTree = "<group>"; };
		C475EEF82B931C4400931207 /* TCA-TutorialTests.xctest */ = {isa = PBXFileReference; explicitFileType = wrapper.cfbundle; includeInIndex = 0; path = "TCA-TutorialTests.xctest"; sourceTree = BUILT_PRODUCTS_DIR; };
		C475EEFC2B931C4400931207 /* TCA_TutorialTests.swift */ = {isa = PBXFileReference; lastKnownFileType = sourcecode.swift; path = TCA_TutorialTests.swift; sourceTree = "<group>"; };
		C475EF022B931C4400931207 /* TCA-TutorialUITests.xctest */ = {isa = PBXFileReference; explicitFileType = wrapper.cfbundle; includeInIndex = 0; path = "TCA-TutorialUITests.xctest"; sourceTree = BUILT_PRODUCTS_DIR; };
		C475EF062B931C4400931207 /* TCA_TutorialUITests.swift */ = {isa = PBXFileReference; lastKnownFileType = sourcecode.swift; path = TCA_TutorialUITests.swift; sourceTree = "<group>"; };
		C475EF082B931C4400931207 /* TCA_TutorialUITestsLaunchTests.swift */ = {isa = PBXFileReference; lastKnownFileType = sourcecode.swift; path = TCA_TutorialUITestsLaunchTests.swift; sourceTree = "<group>"; };
		C475EF162B931D4100931207 /* CouterFeature.swift */ = {isa = PBXFileReference; lastKnownFileType = sourcecode.swift; path = CouterFeature.swift; sourceTree = "<group>"; };
/* End PBXFileReference section */

/* Begin PBXFrameworksBuildPhase section */
		C475EEE52B931C4200931207 /* Frameworks */ = {
			isa = PBXFrameworksBuildPhase;
			buildActionMask = 2147483647;
			files = (
				C475EF192B931E3B00931207 /* ComposableArchitecture in Frameworks */,
			);
			runOnlyForDeploymentPostprocessing = 0;
		};
		C475EEF52B931C4400931207 /* Frameworks */ = {
			isa = PBXFrameworksBuildPhase;
			buildActionMask = 2147483647;
			files = (
			);
			runOnlyForDeploymentPostprocessing = 0;
		};
		C475EEFF2B931C4400931207 /* Frameworks */ = {
			isa = PBXFrameworksBuildPhase;
			buildActionMask = 2147483647;
			files = (
			);
			runOnlyForDeploymentPostprocessing = 0;
		};
/* End PBXFrameworksBuildPhase section */

/* Begin PBXGroup section */
		C475EEDF2B931C4200931207 = {
			isa = PBXGroup;
			children = (
				C475EEEA2B931C4200931207 /* TCA-Tutorial */,
				C475EEFB2B931C4400931207 /* TCA-TutorialTests */,
				C475EF052B931C4400931207 /* TCA-TutorialUITests */,
				C475EEE92B931C4200931207 /* Products */,
			);
			sourceTree = "<group>";
		};
		C475EEE92B931C4200931207 /* Products */ = {
			isa = PBXGroup;
			children = (
				C475EEE82B931C4200931207 /* TCA-Tutorial.app */,
				C475EEF82B931C4400931207 /* TCA-TutorialTests.xctest */,
				C475EF022B931C4400931207 /* TCA-TutorialUITests.xctest */,
			);
			name = Products;
			sourceTree = "<group>";
		};
		C475EEEA2B931C4200931207 /* TCA-Tutorial */ = {
			isa = PBXGroup;
			children = (
				C475EEEB2B931C4200931207 /* TCA_TutorialApp.swift */,
				C475EEED2B931C4200931207 /* ContentView.swift */,
				C475EF162B931D4100931207 /* CouterFeature.swift */,
				C475EEEF2B931C4400931207 /* Assets.xcassets */,
				C475EEF12B931C4400931207 /* Preview Content */,
			);
			path = "TCA-Tutorial";
			sourceTree = "<group>";
		};
		C475EEF12B931C4400931207 /* Preview Content */ = {
			isa = PBXGroup;
			children = (
				C475EEF22B931C4400931207 /* Preview Assets.xcassets */,
			);
			path = "Preview Content";
			sourceTree = "<group>";
		};
		C475EEFB2B931C4400931207 /* TCA-TutorialTests */ = {
			isa = PBXGroup;
			children = (
				C475EEFC2B931C4400931207 /* TCA_TutorialTests.swift */,
			);
			path = "TCA-TutorialTests";
			sourceTree = "<group>";
		};
		C475EF052B931C4400931207 /* TCA-TutorialUITests */ = {
			isa = PBXGroup;
			children = (
				C475EF062B931C4400931207 /* TCA_TutorialUITests.swift */,
				C475EF082B931C4400931207 /* TCA_TutorialUITestsLaunchTests.swift */,
			);
			path = "TCA-TutorialUITests";
			sourceTree = "<group>";
		};
/* End PBXGroup section */

/* Begin PBXNativeTarget section */
		C475EEE72B931C4200931207 /* TCA-Tutorial */ = {
			isa = PBXNativeTarget;
			buildConfigurationList = C475EF0C2B931C4400931207 /* Build configuration list for PBXNativeTarget "TCA-Tutorial" */;
			buildPhases = (
				C475EEE42B931C4200931207 /* Sources */,
				C475EEE52B931C4200931207 /* Frameworks */,
				C475EEE62B931C4200931207 /* Resources */,
			);
			buildRules = (
			);
			dependencies = (
			);
			name = "TCA-Tutorial";
			packageProductDependencies = (
				C475EF182B931E3B00931207 /* ComposableArchitecture */,
			);
			productName = "TCA-Tutorial";
			productReference = C475EEE82B931C4200931207 /* TCA-Tutorial.app */;
			productType = "com.apple.product-type.application";
		};
		C475EEF72B931C4400931207 /* TCA-TutorialTests */ = {
			isa = PBXNativeTarget;
			buildConfigurationList = C475EF0F2B931C4400931207 /* Build configuration list for PBXNativeTarget "TCA-TutorialTests" */;
			buildPhases = (
				C475EEF42B931C4400931207 /* Sources */,
				C475EEF52B931C4400931207 /* Frameworks */,
				C475EEF62B931C4400931207 /* Resources */,
			);
			buildRules = (
			);
			dependencies = (
				C475EEFA2B931C4400931207 /* PBXTargetDependency */,
			);
			name = "TCA-TutorialTests";
			productName = "TCA-TutorialTests";
			productReference = C475EEF82B931C4400931207 /* TCA-TutorialTests.xctest */;
			productType = "com.apple.product-type.bundle.unit-test";
		};
		C475EF012B931C4400931207 /* TCA-TutorialUITests */ = {
			isa = PBXNativeTarget;
			buildConfigurationList = C475EF122B931C4400931207 /* Build configuration list for PBXNativeTarget "TCA-TutorialUITests" */;
			buildPhases = (
				C475EEFE2B931C4400931207 /* Sources */,
				C475EEFF2B931C4400931207 /* Frameworks */,
				C475EF002B931C4400931207 /* Resources */,
			);
			buildRules = (
			);
			dependencies = (
				C475EF042B931C4400931207 /* PBXTargetDependency */,
			);
			name = "TCA-TutorialUITests";
			productName = "TCA-TutorialUITests";
			productReference = C475EF022B931C4400931207 /* TCA-TutorialUITests.xctest */;
			productType = "com.apple.product-type.bundle.ui-testing";
		};
/* End PBXNativeTarget section */

/* Begin PBXProject section */
		C475EEE02B931C4200931207 /* Project object */ = {
			isa = PBXProject;
			attributes = {
				BuildIndependentTargetsInParallel = 1;
				LastSwiftUpdateCheck = 1520;
				LastUpgradeCheck = 1520;
				TargetAttributes = {
					C475EEE72B931C4200931207 = {
						CreatedOnToolsVersion = 15.2;
					};
					C475EEF72B931C4400931207 = {
						CreatedOnToolsVersion = 15.2;
						TestTargetID = C475EEE72B931C4200931207;
					};
					C475EF012B931C4400931207 = {
						CreatedOnToolsVersion = 15.2;
						TestTargetID = C475EEE72B931C4200931207;
					};
				};
			};
			buildConfigurationList = C475EEE32B931C4200931207 /* Build configuration list for PBXProject "TCA-Tutorial" */;
			compatibilityVersion = "Xcode 14.0";
			developmentRegion = en;
			hasScannedForEncodings = 0;
			knownRegions = (
				en,
				Base,
			);
			mainGroup = C475EEDF2B931C4200931207;
			packageReferences = (
				C475EF152B931C7100931207 /* XCRemoteSwiftPackageReference "swift-composable-architecture" */,
			);
			productRefGroup = C475EEE92B931C4200931207 /* Products */;
			projectDirPath = "";
			projectRoot = "";
			targets = (
				C475EEE72B931C4200931207 /* TCA-Tutorial */,
				C475EEF72B931C4400931207 /* TCA-TutorialTests */,
				C475EF012B931C4400931207 /* TCA-TutorialUITests */,
			);
		};
/* End PBXProject section */

/* Begin PBXResourcesBuildPhase section */
		C475EEE62B931C4200931207 /* Resources */ = {
			isa = PBXResourcesBuildPhase;
			buildActionMask = 2147483647;
			files = (
				C475EEF32B931C4400931207 /* Preview Assets.xcassets in Resources */,
				C475EEF02B931C4400931207 /* Assets.xcassets in Resources */,
			);
			runOnlyForDeploymentPostprocessing = 0;
		};
		C475EEF62B931C4400931207 /* Resources */ = {
			isa = PBXResourcesBuildPhase;
			buildActionMask = 2147483647;
			files = (
			);
			runOnlyForDeploymentPostprocessing = 0;
		};
		C475EF002B931C4400931207 /* Resources */ = {
			isa = PBXResourcesBuildPhase;
			buildActionMask = 2147483647;
			files = (
			);
			runOnlyForDeploymentPostprocessing = 0;
		};
/* End PBXResourcesBuildPhase section */

/* Begin PBXSourcesBuildPhase section */
		C475EEE42B931C4200931207 /* Sources */ = {
			isa = PBXSourcesBuildPhase;
			buildActionMask = 2147483647;
			files = (
				C475EF172B931D4100931207 /* CouterFeature.swift in Sources */,
				C475EEEE2B931C4200931207 /* ContentView.swift in Sources */,
				C475EEEC2B931C4200931207 /* TCA_TutorialApp.swift in Sources */,
			);
			runOnlyForDeploymentPostprocessing = 0;
		};
		C475EEF42B931C4400931207 /* Sources */ = {
			isa = PBXSourcesBuildPhase;
			buildActionMask = 2147483647;
			files = (
				C475EEFD2B931C4400931207 /* TCA_TutorialTests.swift in Sources */,
			);
			runOnlyForDeploymentPostprocessing = 0;
		};
		C475EEFE2B931C4400931207 /* Sources */ = {
			isa = PBXSourcesBuildPhase;
			buildActionMask = 2147483647;
			files = (
				C475EF072B931C4400931207 /* TCA_TutorialUITests.swift in Sources */,
				C475EF092B931C4400931207 /* TCA_TutorialUITestsLaunchTests.swift in Sources */,
			);
			runOnlyForDeploymentPostprocessing = 0;
		};
/* End PBXSourcesBuildPhase section */

/* Begin PBXTargetDependency section */
		C475EEFA2B931C4400931207 /* PBXTargetDependency */ = {
			isa = PBXTargetDependency;
			target = C475EEE72B931C4200931207 /* TCA-Tutorial */;
			targetProxy = C475EEF92B931C4400931207 /* PBXContainerItemProxy */;
		};
		C475EF042B931C4400931207 /* PBXTargetDependency */ = {
			isa = PBXTargetDependency;
			target = C475EEE72B931C4200931207 /* TCA-Tutorial */;
			targetProxy = C475EF032B931C4400931207 /* PBXContainerItemProxy */;
		};
/* End PBXTargetDependency section */

/* Begin XCBuildConfiguration section */
		C475EF0A2B931C4400931207 /* Debug */ = {
			isa = XCBuildConfiguration;
			buildSettings = {
				ALWAYS_SEARCH_USER_PATHS = NO;
				ASSETCATALOG_COMPILER_GENERATE_SWIFT_ASSET_SYMBOL_EXTENSIONS = YES;
				CLANG_ANALYZER_NONNULL = YES;
				CLANG_ANALYZER_NUMBER_OBJECT_CONVERSION = YES_AGGRESSIVE;
				CLANG_CXX_LANGUAGE_STANDARD = "gnu++20";
				CLANG_ENABLE_MODULES = YES;
				CLANG_ENABLE_OBJC_ARC = YES;
				CLANG_ENABLE_OBJC_WEAK = YES;
				CLANG_WARN_BLOCK_CAPTURE_AUTORELEASING = YES;
				CLANG_WARN_BOOL_CONVERSION = YES;
				CLANG_WARN_COMMA = YES;
				CLANG_WARN_CONSTANT_CONVERSION = YES;
				CLANG_WARN_DEPRECATED_OBJC_IMPLEMENTATIONS = YES;
				CLANG_WARN_DIRECT_OBJC_ISA_USAGE = YES_ERROR;
				CLANG_WARN_DOCUMENTATION_COMMENTS = YES;
				CLANG_WARN_EMPTY_BODY = YES;
				CLANG_WARN_ENUM_CONVERSION = YES;
				CLANG_WARN_INFINITE_RECURSION = YES;
				CLANG_WARN_INT_CONVERSION = YES;
				CLANG_WARN_NON_LITERAL_NULL_CONVERSION = YES;
				CLANG_WARN_OBJC_IMPLICIT_RETAIN_SELF = YES;
				CLANG_WARN_OBJC_LITERAL_CONVERSION = YES;
				CLANG_WARN_OBJC_ROOT_CLASS = YES_ERROR;
				CLANG_WARN_QUOTED_INCLUDE_IN_FRAMEWORK_HEADER = YES;
				CLANG_WARN_RANGE_LOOP_ANALYSIS = YES;
				CLANG_WARN_STRICT_PROTOTYPES = YES;
				CLANG_WARN_SUSPICIOUS_MOVE = YES;
				CLANG_WARN_UNGUARDED_AVAILABILITY = YES_AGGRESSIVE;
				CLANG_WARN_UNREACHABLE_CODE = YES;
				CLANG_WARN__DUPLICATE_METHOD_MATCH = YES;
				COPY_PHASE_STRIP = NO;
				DEBUG_INFORMATION_FORMAT = dwarf;
				ENABLE_STRICT_OBJC_MSGSEND = YES;
				ENABLE_TESTABILITY = YES;
				ENABLE_USER_SCRIPT_SANDBOXING = YES;
				GCC_C_LANGUAGE_STANDARD = gnu17;
				GCC_DYNAMIC_NO_PIC = NO;
				GCC_NO_COMMON_BLOCKS = YES;
				GCC_OPTIMIZATION_LEVEL = 0;
				GCC_PREPROCESSOR_DEFINITIONS = (
					"DEBUG=1",
					"$(inherited)",
				);
				GCC_WARN_64_TO_32_BIT_CONVERSION = YES;
				GCC_WARN_ABOUT_RETURN_TYPE = YES_ERROR;
				GCC_WARN_UNDECLARED_SELECTOR = YES;
				GCC_WARN_UNINITIALIZED_AUTOS = YES_AGGRESSIVE;
				GCC_WARN_UNUSED_FUNCTION = YES;
				GCC_WARN_UNUSED_VARIABLE = YES;
				IPHONEOS_DEPLOYMENT_TARGET = 17.2;
				LOCALIZATION_PREFERS_STRING_CATALOGS = YES;
				MTL_ENABLE_DEBUG_INFO = INCLUDE_SOURCE;
				MTL_FAST_MATH = YES;
				ONLY_ACTIVE_ARCH = YES;
				SDKROOT = iphoneos;
				SWIFT_ACTIVE_COMPILATION_CONDITIONS = "DEBUG $(inherited)";
				SWIFT_OPTIMIZATION_LEVEL = "-Onone";
			};
			name = Debug;
		};
		C475EF0B2B931C4400931207 /* Release */ = {
			isa = XCBuildConfiguration;
			buildSettings = {
				ALWAYS_SEARCH_USER_PATHS = NO;
				ASSETCATALOG_COMPILER_GENERATE_SWIFT_ASSET_SYMBOL_EXTENSIONS = YES;
				CLANG_ANALYZER_NONNULL = YES;
				CLANG_ANALYZER_NUMBER_OBJECT_CONVERSION = YES_AGGRESSIVE;
				CLANG_CXX_LANGUAGE_STANDARD = "gnu++20";
				CLANG_ENABLE_MODULES = YES;
				CLANG_ENABLE_OBJC_ARC = YES;
				CLANG_ENABLE_OBJC_WEAK = YES;
				CLANG_WARN_BLOCK_CAPTURE_AUTORELEASING = YES;
				CLANG_WARN_BOOL_CONVERSION = YES;
				CLANG_WARN_COMMA = YES;
				CLANG_WARN_CONSTANT_CONVERSION = YES;
				CLANG_WARN_DEPRECATED_OBJC_IMPLEMENTATIONS = YES;
				CLANG_WARN_DIRECT_OBJC_ISA_USAGE = YES_ERROR;
				CLANG_WARN_DOCUMENTATION_COMMENTS = YES;
				CLANG_WARN_EMPTY_BODY = YES;
				CLANG_WARN_ENUM_CONVERSION = YES;
				CLANG_WARN_INFINITE_RECURSION = YES;
				CLANG_WARN_INT_CONVERSION = YES;
				CLANG_WARN_NON_LITERAL_NULL_CONVERSION = YES;
				CLANG_WARN_OBJC_IMPLICIT_RETAIN_SELF = YES;
				CLANG_WARN_OBJC_LITERAL_CONVERSION = YES;
				CLANG_WARN_OBJC_ROOT_CLASS = YES_ERROR;
				CLANG_WARN_QUOTED_INCLUDE_IN_FRAMEWORK_HEADER = YES;
				CLANG_WARN_RANGE_LOOP_ANALYSIS = YES;
				CLANG_WARN_STRICT_PROTOTYPES = YES;
				CLANG_WARN_SUSPICIOUS_MOVE = YES;
				CLANG_WARN_UNGUARDED_AVAILABILITY = YES_AGGRESSIVE;
				CLANG_WARN_UNREACHABLE_CODE = YES;
				CLANG_WARN__DUPLICATE_METHOD_MATCH = YES;
				COPY_PHASE_STRIP = NO;
				DEBUG_INFORMATION_FORMAT = "dwarf-with-dsym";
				ENABLE_NS_ASSERTIONS = NO;
				ENABLE_STRICT_OBJC_MSGSEND = YES;
				ENABLE_USER_SCRIPT_SANDBOXING = YES;
				GCC_C_LANGUAGE_STANDARD = gnu17;
				GCC_NO_COMMON_BLOCKS = YES;
				GCC_WARN_64_TO_32_BIT_CONVERSION = YES;
				GCC_WARN_ABOUT_RETURN_TYPE = YES_ERROR;
				GCC_WARN_UNDECLARED_SELECTOR = YES;
				GCC_WARN_UNINITIALIZED_AUTOS = YES_AGGRESSIVE;
				GCC_WARN_UNUSED_FUNCTION = YES;
				GCC_WARN_UNUSED_VARIABLE = YES;
				IPHONEOS_DEPLOYMENT_TARGET = 17.2;
				LOCALIZATION_PREFERS_STRING_CATALOGS = YES;
				MTL_ENABLE_DEBUG_INFO = NO;
				MTL_FAST_MATH = YES;
				SDKROOT = iphoneos;
				SWIFT_COMPILATION_MODE = wholemodule;
				VALIDATE_PRODUCT = YES;
			};
			name = Release;
		};
		C475EF0D2B931C4400931207 /* Debug */ = {
			isa = XCBuildConfiguration;
			buildSettings = {
				ASSETCATALOG_COMPILER_APPICON_NAME = AppIcon;
				ASSETCATALOG_COMPILER_GLOBAL_ACCENT_COLOR_NAME = AccentColor;
				CODE_SIGN_STYLE = Automatic;
				CURRENT_PROJECT_VERSION = 1;
				DEVELOPMENT_ASSET_PATHS = "\"TCA-Tutorial/Preview Content\"";
				DEVELOPMENT_TEAM = 7QBPMRTFUX;
				ENABLE_PREVIEWS = YES;
				GENERATE_INFOPLIST_FILE = YES;
				INFOPLIST_KEY_UIApplicationSceneManifest_Generation = YES;
				INFOPLIST_KEY_UIApplicationSupportsIndirectInputEvents = YES;
				INFOPLIST_KEY_UILaunchScreen_Generation = YES;
				INFOPLIST_KEY_UISupportedInterfaceOrientations_iPad = "UIInterfaceOrientationPortrait UIInterfaceOrientationPortraitUpsideDown UIInterfaceOrientationLandscapeLeft UIInterfaceOrientationLandscapeRight";
				INFOPLIST_KEY_UISupportedInterfaceOrientations_iPhone = "UIInterfaceOrientationPortrait UIInterfaceOrientationLandscapeLeft UIInterfaceOrientationLandscapeRight";
				LD_RUNPATH_SEARCH_PATHS = (
					"$(inherited)",
					"@executable_path/Frameworks",
				);
				MARKETING_VERSION = 1.0;
				PRODUCT_BUNDLE_IDENTIFIER = "com.YutoHayashi.TCA-Tutorial";
				PRODUCT_NAME = "$(TARGET_NAME)";
				SWIFT_EMIT_LOC_STRINGS = YES;
				SWIFT_VERSION = 5.0;
				TARGETED_DEVICE_FAMILY = "1,2";
			};
			name = Debug;
		};
		C475EF0E2B931C4400931207 /* Release */ = {
			isa = XCBuildConfiguration;
			buildSettings = {
				ASSETCATALOG_COMPILER_APPICON_NAME = AppIcon;
				ASSETCATALOG_COMPILER_GLOBAL_ACCENT_COLOR_NAME = AccentColor;
				CODE_SIGN_STYLE = Automatic;
				CURRENT_PROJECT_VERSION = 1;
				DEVELOPMENT_ASSET_PATHS = "\"TCA-Tutorial/Preview Content\"";
				DEVELOPMENT_TEAM = 7QBPMRTFUX;
				ENABLE_PREVIEWS = YES;
				GENERATE_INFOPLIST_FILE = YES;
				INFOPLIST_KEY_UIApplicationSceneManifest_Generation = YES;
				INFOPLIST_KEY_UIApplicationSupportsIndirectInputEvents = YES;
				INFOPLIST_KEY_UILaunchScreen_Generation = YES;
				INFOPLIST_KEY_UISupportedInterfaceOrientations_iPad = "UIInterfaceOrientationPortrait UIInterfaceOrientationPortraitUpsideDown UIInterfaceOrientationLandscapeLeft UIInterfaceOrientationLandscapeRight";
				INFOPLIST_KEY_UISupportedInterfaceOrientations_iPhone = "UIInterfaceOrientationPortrait UIInterfaceOrientationLandscapeLeft UIInterfaceOrientationLandscapeRight";
				LD_RUNPATH_SEARCH_PATHS = (
					"$(inherited)",
					"@executable_path/Frameworks",
				);
				MARKETING_VERSION = 1.0;
				PRODUCT_BUNDLE_IDENTIFIER = "com.YutoHayashi.TCA-Tutorial";
				PRODUCT_NAME = "$(TARGET_NAME)";
				SWIFT_EMIT_LOC_STRINGS = YES;
				SWIFT_VERSION = 5.0;
				TARGETED_DEVICE_FAMILY = "1,2";
			};
			name = Release;
		};
		C475EF102B931C4400931207 /* Debug */ = {
			isa = XCBuildConfiguration;
			buildSettings = {
				ALWAYS_EMBED_SWIFT_STANDARD_LIBRARIES = YES;
				BUNDLE_LOADER = "$(TEST_HOST)";
				CODE_SIGN_STYLE = Automatic;
				CURRENT_PROJECT_VERSION = 1;
				DEVELOPMENT_TEAM = 7QBPMRTFUX;
				GENERATE_INFOPLIST_FILE = YES;
				IPHONEOS_DEPLOYMENT_TARGET = 17.2;
				MARKETING_VERSION = 1.0;
				PRODUCT_BUNDLE_IDENTIFIER = "com.YutoHayashi.TCA-TutorialTests";
				PRODUCT_NAME = "$(TARGET_NAME)";
				SWIFT_EMIT_LOC_STRINGS = NO;
				SWIFT_VERSION = 5.0;
				TARGETED_DEVICE_FAMILY = "1,2";
				TEST_HOST = "$(BUILT_PRODUCTS_DIR)/TCA-Tutorial.app/$(BUNDLE_EXECUTABLE_FOLDER_PATH)/TCA-Tutorial";
			};
			name = Debug;
		};
		C475EF112B931C4400931207 /* Release */ = {
			isa = XCBuildConfiguration;
			buildSettings = {
				ALWAYS_EMBED_SWIFT_STANDARD_LIBRARIES = YES;
				BUNDLE_LOADER = "$(TEST_HOST)";
				CODE_SIGN_STYLE = Automatic;
				CURRENT_PROJECT_VERSION = 1;
				DEVELOPMENT_TEAM = 7QBPMRTFUX;
				GENERATE_INFOPLIST_FILE = YES;
				IPHONEOS_DEPLOYMENT_TARGET = 17.2;
				MARKETING_VERSION = 1.0;
				PRODUCT_BUNDLE_IDENTIFIER = "com.YutoHayashi.TCA-TutorialTests";
				PRODUCT_NAME = "$(TARGET_NAME)";
				SWIFT_EMIT_LOC_STRINGS = NO;
				SWIFT_VERSION = 5.0;
				TARGETED_DEVICE_FAMILY = "1,2";
				TEST_HOST = "$(BUILT_PRODUCTS_DIR)/TCA-Tutorial.app/$(BUNDLE_EXECUTABLE_FOLDER_PATH)/TCA-Tutorial";
			};
			name = Release;
		};
		C475EF132B931C4400931207 /* Debug */ = {
			isa = XCBuildConfiguration;
			buildSettings = {
				ALWAYS_EMBED_SWIFT_STANDARD_LIBRARIES = YES;
				CODE_SIGN_STYLE = Automatic;
				CURRENT_PROJECT_VERSION = 1;
				DEVELOPMENT_TEAM = 7QBPMRTFUX;
				GENERATE_INFOPLIST_FILE = YES;
				MARKETING_VERSION = 1.0;
				PRODUCT_BUNDLE_IDENTIFIER = "com.YutoHayashi.TCA-TutorialUITests";
				PRODUCT_NAME = "$(TARGET_NAME)";
				SWIFT_EMIT_LOC_STRINGS = NO;
				SWIFT_VERSION = 5.0;
				TARGETED_DEVICE_FAMILY = "1,2";
				TEST_TARGET_NAME = "TCA-Tutorial";
			};
			name = Debug;
		};
		C475EF142B931C4400931207 /* Release */ = {
			isa = XCBuildConfiguration;
			buildSettings = {
				ALWAYS_EMBED_SWIFT_STANDARD_LIBRARIES = YES;
				CODE_SIGN_STYLE = Automatic;
				CURRENT_PROJECT_VERSION = 1;
				DEVELOPMENT_TEAM = 7QBPMRTFUX;
				GENERATE_INFOPLIST_FILE = YES;
				MARKETING_VERSION = 1.0;
				PRODUCT_BUNDLE_IDENTIFIER = "com.YutoHayashi.TCA-TutorialUITests";
				PRODUCT_NAME = "$(TARGET_NAME)";
				SWIFT_EMIT_LOC_STRINGS = NO;
				SWIFT_VERSION = 5.0;
				TARGETED_DEVICE_FAMILY = "1,2";
				TEST_TARGET_NAME = "TCA-Tutorial";
			};
			name = Release;
		};
/* End XCBuildConfiguration section */

/* Begin XCConfigurationList section */
		C475EEE32B931C4200931207 /* Build configuration list for PBXProject "TCA-Tutorial" */ = {
			isa = XCConfigurationList;
			buildConfigurations = (
				C475EF0A2B931C4400931207 /* Debug */,
				C475EF0B2B931C4400931207 /* Release */,
			);
			defaultConfigurationIsVisible = 0;
			defaultConfigurationName = Release;
		};
		C475EF0C2B931C4400931207 /* Build configuration list for PBXNativeTarget "TCA-Tutorial" */ = {
			isa = XCConfigurationList;
			buildConfigurations = (
				C475EF0D2B931C4400931207 /* Debug */,
				C475EF0E2B931C4400931207 /* Release */,
			);
			defaultConfigurationIsVisible = 0;
			defaultConfigurationName = Release;
		};
		C475EF0F2B931C4400931207 /* Build configuration list for PBXNativeTarget "TCA-TutorialTests" */ = {
			isa = XCConfigurationList;
			buildConfigurations = (
				C475EF102B931C4400931207 /* Debug */,
				C475EF112B931C4400931207 /* Release */,
			);
			defaultConfigurationIsVisible = 0;
			defaultConfigurationName = Release;
		};
		C475EF122B931C4400931207 /* Build configuration list for PBXNativeTarget "TCA-TutorialUITests" */ = {
			isa = XCConfigurationList;
			buildConfigurations = (
				C475EF132B931C4400931207 /* Debug */,
				C475EF142B931C4400931207 /* Release */,
			);
			defaultConfigurationIsVisible = 0;
			defaultConfigurationName = Release;
		};
/* End XCConfigurationList section */

/* Begin XCRemoteSwiftPackageReference section */
		C475EF152B931C7100931207 /* XCRemoteSwiftPackageReference "swift-composable-architecture" */ = {
			isa = XCRemoteSwiftPackageReference;
			repositoryURL = "https://github.com/pointfreeco/swift-composable-architecture";
			requirement = {
				kind = exactVersion;
				version = 1.9.1;
			};
		};
/* End XCRemoteSwiftPackageReference section */

/* Begin XCSwiftPackageProductDependency section */
		C475EF182B931E3B00931207 /* ComposableArchitecture */ = {
			isa = XCSwiftPackageProductDependency;
			package = C475EF152B931C7100931207 /* XCRemoteSwiftPackageReference "swift-composable-architecture" */;
			productName = ComposableArchitecture;
		};
/* End XCSwiftPackageProductDependency section */
	};
	rootObject = C475EEE02B931C4200931207 /* Project object */;
}
